{
  "nodes": {
    "colours": {
      "flake": false,
      "locked": {
        "narHash": "sha256-T5SdzeN31JB5PjjtrvZhKtnIt7e0i+22TVt5c3qeFHY=",
        "path": "/home/james/dotfiles/nix/flakes/nixos/colours",
        "type": "path"
      },
      "original": {
        "path": "/home/james/dotfiles/nix/flakes/nixos/colours",
        "type": "path"
      }
    },
    "nixpkgs": {
      "locked": {
        "lastModified": 1607090121,
        "narHash": "sha256-r14mpknWo8u511sd8v5glDeH1PcJF8ZjhUyv423p81k=",
        "owner": "NixOS",
        "repo": "nixpkgs",
        "rev": "e34208e10033315fddf6909d3ff68e2d3cf48a23",
        "type": "github"
      },
      "original": {
        "owner": "NixOS",
        "ref": "nixos-20.09",
        "repo": "nixpkgs",
        "type": "github"
      }
    },
    "root": {
      "inputs": {
        "colours": "colours",
        "nixpkgs": "nixpkgs",
        "unstable": "unstable"
      }
    },
    "unstable": {
      "locked": {
        "lastModified": 1607327113,
        "narHash": "sha256-QK/qV1AaLnGEu+KwiPX7vSxzU9lMB6zM+kIbvjJo54k=",
        "owner": "NixOS",
        "repo": "nixpkgs",
        "rev": "83cbad92d73216bb0d9187c56cce0b91f9121d5a",
        "type": "github"
      },
      "original": {
        "owner": "NixOS",
        "ref": "nixos-unstable",
        "repo": "nixpkgs",
        "type": "github"
      }
    }
  },
  "root": "root",
  "version": 7
}
