{
  "nodes": {
    "colours": {
      "flake": false,
      "locked": {
        "narHash": "sha256-T5SdzeN31JB5PjjtrvZhKtnIt7e0i+22TVt5c3qeFHY=",
        "path": "/home/james/dotfiles/nix/flakes/nixos/colours",
        "type": "path"
      },
      "original": {
        "path": "/home/james/dotfiles/nix/flakes/nixos/colours",
        "type": "path"
      }
    },
    "nixpkgs": {
      "locked": {
        "lastModified": 1611910458,
        "narHash": "sha256-//j54S14v9lp3YKizS1WZW3WKwLjGTzvwhHfUAaRBPQ=",
        "owner": "NixOS",
        "repo": "nixpkgs",
        "rev": "6e7f25001fe6874f7ae271891f709bbf50a22c45",
        "type": "github"
      },
      "original": {
        "owner": "NixOS",
        "ref": "nixos-20.09",
        "repo": "nixpkgs",
        "type": "github"
      }
    },
    "root": {
      "inputs": {
        "colours": "colours",
        "nixpkgs": "nixpkgs",
        "unstable": "unstable"
      }
    },
    "unstable": {
      "locked": {
        "lastModified": 1614191423,
        "narHash": "sha256-As8TFDUW6CMCN5zlw5dVnZiwakO1cRKYPk64rsr32uU=",
        "owner": "NixOS",
        "repo": "nixpkgs",
        "rev": "f6b5bfdb470d60a876992749d0d708ed7b6b56ca",
        "type": "github"
      },
      "original": {
        "owner": "NixOS",
        "ref": "nixos-unstable",
        "repo": "nixpkgs",
        "type": "github"
      }
    }
  },
  "root": "root",
  "version": 7
}
