{
  "nodes": {
    "colours": {
      "flake": false,
      "locked": {
        "narHash": "sha256-T5SdzeN31JB5PjjtrvZhKtnIt7e0i+22TVt5c3qeFHY=",
        "path": "/home/james/dotfiles/nix/flakes/nixos/colours",
        "type": "path"
      },
      "original": {
        "path": "/home/james/dotfiles/nix/flakes/nixos/colours",
        "type": "path"
      }
    },
    "nixpkgs": {
      "locked": {
        "lastModified": 1622577619,
        "narHash": "sha256-ODWgeRVXJz++vvapHSNO2G7AACfRjQoWMomuLhl+OcQ=",
        "owner": "NixOS",
        "repo": "nixpkgs",
        "rev": "5237039cc1e7633a7697ed7999afd1f80d91ff14",
        "type": "github"
      },
      "original": {
        "owner": "NixOS",
        "ref": "nixos-21.05",
        "repo": "nixpkgs",
        "type": "github"
      }
    },
    "root": {
      "inputs": {
        "colours": "colours",
        "nixpkgs": "nixpkgs",
        "unstable": "unstable"
      }
    },
    "unstable": {
      "locked": {
        "lastModified": 1619323048,
        "narHash": "sha256-wiLspuRrtX4JPO2Xpd0ySsaN+g5i5BVfslCfcIcHSrU=",
        "owner": "NixOS",
        "repo": "nixpkgs",
        "rev": "1fe6ed37fd9beb92afe90671c0c2a662a03463dd",
        "type": "github"
      },
      "original": {
        "owner": "NixOS",
        "ref": "nixos-unstable",
        "repo": "nixpkgs",
        "type": "github"
      }
    }
  },
  "root": "root",
  "version": 7
}
