{
  "nodes": {
    "nixpkgs": {
      "locked": {
        "lastModified": 1605456368,
        "narHash": "sha256-diRkanMtpGV9NgQY2SJsA2HWehNVLM9Jz0jchtZrcKY=",
        "path": "/nix/store/blr1dh8j6d51s0qpnzbqbi3jrfc5prkz-source",
        "rev": "98e46cec92fb877abaee7ed8f78cee722fd58a7e",
        "type": "path"
      },
      "original": {
        "id": "nixpkgs",
        "type": "indirect"
      }
    },
    "root": {
      "inputs": {
        "nixpkgs": "nixpkgs"
      }
    }
  },
  "root": "root",
  "version": 7
}
