{
  "nodes": {
    "root": {
      "inputs": {
        "unstable": "unstable"
      }
    },
    "unstable": {
      "locked": {
        "lastModified": 1646497237,
        "narHash": "sha256-Ccpot1h/rV8MgcngDp5OrdmLTMaUTbStZTR5/sI7zW0=",
        "path": "/nix/store/n04lw5nrskzmz7rv17p09qrnjanfkg5d-source",
        "rev": "062a0c5437b68f950b081bbfc8a699d57a4ee026",
        "type": "path"
      },
      "original": {
        "id": "unstable",
        "type": "indirect"
      }
    }
  },
  "root": "root",
  "version": 7
}
