{
  "nodes": {
    "flake-utils": {
      "locked": {
        "lastModified": 1644229661,
        "narHash": "sha256-1YdnJAsNy69bpcjuoKdOYQX0YxZBiCYZo4Twxerqv7k=",
        "owner": "numtide",
        "repo": "flake-utils",
        "rev": "3cecb5b042f7f209c56ffd8371b2711a290ec797",
        "type": "github"
      },
      "original": {
        "owner": "numtide",
        "repo": "flake-utils",
        "type": "github"
      }
    },
    "nixpkgs": {
      "locked": {
        "lastModified": 1646406548,
        "narHash": "sha256-xp+3f76ycZXNf9pG65Ef9KfDl1fas2UQu/cBe/pLd+c=",
        "owner": "NixOS",
        "repo": "nixpkgs",
        "rev": "47cd6702934434dd02bc53a67dbce3e5493e33a2",
        "type": "github"
      },
      "original": {
        "owner": "NixOS",
        "ref": "nixos-21.11",
        "repo": "nixpkgs",
        "type": "github"
      }
    },
    "nixpkgs_2": {
      "locked": {
        "lastModified": 1638484569,
        "narHash": "sha256-am6w/9sH9yK7EFYxqkM+KHiJYC2v+G6sLNdS2CwJBEk=",
        "owner": "NixOS",
        "repo": "nixpkgs",
        "rev": "0d03c4318bbdf7475fe3fc3dbbb38d75c06fb960",
        "type": "github"
      },
      "original": {
        "id": "nixpkgs",
        "type": "indirect"
      }
    },
    "parsec": {
      "inputs": {
        "nixpkgs": "nixpkgs_2"
      },
      "locked": {
        "lastModified": 1642514972,
        "narHash": "sha256-GzqO7Aa424QkGxoXzhmkvlIbZ3ywcmox1XGMZKOiPxQ=",
        "owner": "DarthPJB",
        "repo": "parsec-gaming-nix",
        "rev": "06bd13c9aa68ca0991d592f753be12679e842c83",
        "type": "github"
      },
      "original": {
        "owner": "DarthPJB",
        "repo": "parsec-gaming-nix",
        "type": "github"
      }
    },
    "root": {
      "inputs": {
        "flake-utils": "flake-utils",
        "nixpkgs": "nixpkgs",
        "parsec": "parsec",
        "unstable": "unstable"
      }
    },
    "unstable": {
      "locked": {
        "lastModified": 1646497237,
        "narHash": "sha256-Ccpot1h/rV8MgcngDp5OrdmLTMaUTbStZTR5/sI7zW0=",
        "owner": "NixOS",
        "repo": "nixpkgs",
        "rev": "062a0c5437b68f950b081bbfc8a699d57a4ee026",
        "type": "github"
      },
      "original": {
        "owner": "NixOS",
        "ref": "nixos-unstable",
        "repo": "nixpkgs",
        "type": "github"
      }
    }
  },
  "root": "root",
  "version": 7
}
