{
  "nodes": {
    "flake-utils": {
      "inputs": {
        "systems": "systems"
      },
      "locked": {
        "lastModified": 1681202837,
        "narHash": "sha256-H+Rh19JDwRtpVPAWp64F+rlEtxUWBAQW28eAi3SRSzg=",
        "owner": "numtide",
        "repo": "flake-utils",
        "rev": "cfacdce06f30d2b68473a46042957675eebb3401",
        "type": "github"
      },
      "original": {
        "owner": "numtide",
        "repo": "flake-utils",
        "type": "github"
      }
    },
    "flake-utils_2": {
      "inputs": {
        "systems": "systems_2"
      },
      "locked": {
        "lastModified": 1681202837,
        "narHash": "sha256-H+Rh19JDwRtpVPAWp64F+rlEtxUWBAQW28eAi3SRSzg=",
        "owner": "numtide",
        "repo": "flake-utils",
        "rev": "cfacdce06f30d2b68473a46042957675eebb3401",
        "type": "github"
      },
      "original": {
        "owner": "numtide",
        "repo": "flake-utils",
        "type": "github"
      }
    },
    "nixpkgs": {
      "locked": {
        "lastModified": 1687193290,
        "narHash": "sha256-3bknptEbd9LLlCiFRFkMwmciHB+QXET41gH/RX+Nr1A=",
        "owner": "NixOS",
        "repo": "nixpkgs",
        "rev": "ad157fe26e74211e7dde0456cb3fd9ab78b6e552",
        "type": "github"
      },
      "original": {
        "owner": "NixOS",
        "ref": "nixos-23.05",
        "repo": "nixpkgs",
        "type": "github"
      }
    },
    "nixpkgs_2": {
      "locked": {
        "lastModified": 1684242266,
        "narHash": "sha256-uaCQ2k1bmojHKjWQngvnnnxQJMY8zi1zq527HdWgQf8=",
        "owner": "NixOS",
        "repo": "nixpkgs",
        "rev": "7e0743a5aea1dc755d4b761daf75b20aa486fdad",
        "type": "github"
      },
      "original": {
        "id": "nixpkgs",
        "type": "indirect"
      }
    },
    "nixpkgs_3": {
      "locked": {
        "lastModified": 1681358109,
        "narHash": "sha256-eKyxW4OohHQx9Urxi7TQlFBTDWII+F+x2hklDOQPB50=",
        "owner": "NixOS",
        "repo": "nixpkgs",
        "rev": "96ba1c52e54e74c3197f4d43026b3f3d92e83ff9",
        "type": "github"
      },
      "original": {
        "owner": "NixOS",
        "ref": "nixpkgs-unstable",
        "repo": "nixpkgs",
        "type": "github"
      }
    },
    "parsec": {
      "inputs": {
        "nixpkgs": "nixpkgs_2"
      },
      "locked": {
        "lastModified": 1684352338,
        "narHash": "sha256-Cabej3p8FlihNsTxsLCKeFIQSmT92A5qVZQZSKU7DMo=",
        "owner": "DarthPJB",
        "repo": "parsec-gaming-nix",
        "rev": "0b96f4d9334c492e3be73193eea3acbddd50f81a",
        "type": "github"
      },
      "original": {
        "owner": "DarthPJB",
        "repo": "parsec-gaming-nix",
        "type": "github"
      }
    },
    "root": {
      "inputs": {
        "flake-utils": "flake-utils",
        "nixpkgs": "nixpkgs",
        "parsec": "parsec",
        "unstable": "unstable",
        "ynab-updater": "ynab-updater"
      }
    },
    "rustOverlay": {
      "inputs": {
        "flake-utils": "flake-utils_2",
        "nixpkgs": "nixpkgs_3"
      },
      "locked": {
        "lastModified": 1686537156,
        "narHash": "sha256-mJD80brS6h6P4jzwdKID0S9RvfyiruxgJbXvPPIDqF0=",
        "owner": "oxalica",
        "repo": "rust-overlay",
        "rev": "e75da5cfc7da874401decaa88f4ccb3b4d64d20d",
        "type": "github"
      },
      "original": {
        "owner": "oxalica",
        "repo": "rust-overlay",
        "type": "github"
      }
    },
    "systems": {
      "locked": {
        "lastModified": 1681028828,
        "narHash": "sha256-Vy1rq5AaRuLzOxct8nz4T6wlgyUR7zLU309k9mBC768=",
        "owner": "nix-systems",
        "repo": "default",
        "rev": "da67096a3b9bf56a91d16901293e51ba5b49a27e",
        "type": "github"
      },
      "original": {
        "owner": "nix-systems",
        "repo": "default",
        "type": "github"
      }
    },
    "systems_2": {
      "locked": {
        "lastModified": 1681028828,
        "narHash": "sha256-Vy1rq5AaRuLzOxct8nz4T6wlgyUR7zLU309k9mBC768=",
        "owner": "nix-systems",
        "repo": "default",
        "rev": "da67096a3b9bf56a91d16901293e51ba5b49a27e",
        "type": "github"
      },
      "original": {
        "owner": "nix-systems",
        "repo": "default",
        "type": "github"
      }
    },
    "unstable": {
      "locked": {
        "lastModified": 1688049487,
        "narHash": "sha256-100g4iaKC9MalDjUW9iN6Jl/OocTDtXdeAj7pEGIRh4=",
        "owner": "NixOS",
        "repo": "nixpkgs",
        "rev": "4bc72cae107788bf3f24f30db2e2f685c9298dc9",
        "type": "github"
      },
      "original": {
        "owner": "NixOS",
        "ref": "nixos-unstable",
        "repo": "nixpkgs",
        "type": "github"
      }
    },
    "unstable_2": {
      "locked": {
        "lastModified": 1682453498,
        "narHash": "sha256-WoWiAd7KZt5Eh6n+qojcivaVpnXKqBsVgpixpV2L9CE=",
        "path": "/nix/store/wp85jingfav8k5vr5dgqnzgmyp5zc723-source",
        "rev": "c8018361fa1d1650ee8d4b96294783cf564e8a7f",
        "type": "path"
      },
      "original": {
        "id": "unstable",
        "type": "indirect"
      }
    },
    "ynab-updater": {
      "inputs": {
        "rustOverlay": "rustOverlay",
        "unstable": "unstable_2"
      },
      "locked": {
        "lastModified": 1687093663,
        "narHash": "sha256-s2QwN36i/aYn6K95iM1PuFgzlg399NL0o0H+rTvsSKc=",
        "owner": "jcarrag",
        "repo": "ynab-updater",
        "rev": "e4d25ee6bb128a617249922b113e3554a581c4a7",
        "type": "github"
      },
      "original": {
        "owner": "jcarrag",
        "repo": "ynab-updater",
        "type": "github"
      }
    }
  },
  "root": "root",
  "version": 7
}
